
Microsoft Visual Studio Solution File, Format Version 12.00
# Visual Studio Version 17
VisualStudioVersion = 17.12.35527.113
MinimumVisualStudioVersion = 10.0.40219.1
Project("{FAE04EC0-301F-11D3-BF4B-00C04F79EFBC}") = "1PrimeraAplicacion", "1PrimeraAplicacion\1PrimeraAplicacion.csproj", "{28E8AE37-4829-4B0A-8B24-3356AA138402}"
EndProject
Project("{FAE04EC0-301F-11D3-BF4B-00C04F79EFBC}") = "2ContextMenu", "2ContextMenu\2ContextMenu.csproj", "{4D6C970F-57AC-413D-BEC4-76EB23A69CE5}"
EndProject
Project("{FAE04EC0-301F-11D3-BF4B-00C04F79EFBC}") = "3RichTextBox", "3RichTextBox\3RichTextBox.csproj", "{109BD8B6-8B31-4968-B73C-D7C026D330CA}"
EndProject
Project("{FAE04EC0-301F-11D3-BF4B-00C04F79EFBC}") = "4CuadrosDeMensajes", "4CuadrosDeMensajes\4CuadrosDeMensajes.csproj", "{797BB315-CB2C-4A90-A3FA-5E48FE571745}"
EndProject
Project("{FAE04EC0-301F-11D3-BF4B-00C04F79EFBC}") = "5MenuBar", "5MenuBar\5MenuBar.csproj", "{41261A4E-6788-4447-B4D8-9666AF76A4CD}"
EndProject
Project("{FAE04EC0-301F-11D3-BF4B-00C04F79EFBC}") = "6EstacionMetereologica", "6EstacionMetereologica\6EstacionMetereologica.csproj", "{FC20CA6B-19B7-4DD5-AC62-0BCF7C1E81FA}"
EndProject
Project("{FAE04EC0-301F-11D3-BF4B-00C04F79EFBC}") = "7DataGrid", "7DataGrid\7DataGrid.csproj", "{B5742F7E-72CF-4957-A217-EC750190CFAB}"
EndProject
Project("{FAE04EC0-301F-11D3-BF4B-00C04F79EFBC}") = "8Estilos", "8Estilos\8Estilos.csproj", "{6B956447-E774-4633-A513-9A3E3904EDB0}"
EndProject
Project("{FAE04EC0-301F-11D3-BF4B-00C04F79EFBC}") = "9CrystalReports", "9CrystalReports\9CrystalReports.csproj", "{7A4E29BF-F184-448C-9F87-23B591A83AE0}"
EndProject
Global
	GlobalSection(SolutionConfigurationPlatforms) = preSolution
		Debug|Any CPU = Debug|Any CPU
		Release|Any CPU = Release|Any CPU
	EndGlobalSection
	GlobalSection(ProjectConfigurationPlatforms) = postSolution
		{28E8AE37-4829-4B0A-8B24-3356AA138402}.Debug|Any CPU.ActiveCfg = Debug|Any CPU
		{28E8AE37-4829-4B0A-8B24-3356AA138402}.Debug|Any CPU.Build.0 = Debug|Any CPU
		{28E8AE37-4829-4B0A-8B24-3356AA138402}.Release|Any CPU.ActiveCfg = Release|Any CPU
		{28E8AE37-4829-4B0A-8B24-3356AA138402}.Release|Any CPU.Build.0 = Release|Any CPU
		{4D6C970F-57AC-413D-BEC4-76EB23A69CE5}.Debug|Any CPU.ActiveCfg = Debug|Any CPU
		{4D6C970F-57AC-413D-BEC4-76EB23A69CE5}.Debug|Any CPU.Build.0 = Debug|Any CPU
		{4D6C970F-57AC-413D-BEC4-76EB23A69CE5}.Release|Any CPU.ActiveCfg = Release|Any CPU
		{4D6C970F-57AC-413D-BEC4-76EB23A69CE5}.Release|Any CPU.Build.0 = Release|Any CPU
		{109BD8B6-8B31-4968-B73C-D7C026D330CA}.Debug|Any CPU.ActiveCfg = Debug|Any CPU
		{109BD8B6-8B31-4968-B73C-D7C026D330CA}.Debug|Any CPU.Build.0 = Debug|Any CPU
		{109BD8B6-8B31-4968-B73C-D7C026D330CA}.Release|Any CPU.ActiveCfg = Release|Any CPU
		{109BD8B6-8B31-4968-B73C-D7C026D330CA}.Release|Any CPU.Build.0 = Release|Any CPU
		{797BB315-CB2C-4A90-A3FA-5E48FE571745}.Debug|Any CPU.ActiveCfg = Debug|Any CPU
		{797BB315-CB2C-4A90-A3FA-5E48FE571745}.Debug|Any CPU.Build.0 = Debug|Any CPU
		{797BB315-CB2C-4A90-A3FA-5E48FE571745}.Release|Any CPU.ActiveCfg = Release|Any CPU
		{797BB315-CB2C-4A90-A3FA-5E48FE571745}.Release|Any CPU.Build.0 = Release|Any CPU
		{41261A4E-6788-4447-B4D8-9666AF76A4CD}.Debug|Any CPU.ActiveCfg = Debug|Any CPU
		{41261A4E-6788-4447-B4D8-9666AF76A4CD}.Debug|Any CPU.Build.0 = Debug|Any CPU
		{41261A4E-6788-4447-B4D8-9666AF76A4CD}.Release|Any CPU.ActiveCfg = Release|Any CPU
		{41261A4E-6788-4447-B4D8-9666AF76A4CD}.Release|Any CPU.Build.0 = Release|Any CPU
		{FC20CA6B-19B7-4DD5-AC62-0BCF7C1E81FA}.Debug|Any CPU.ActiveCfg = Debug|Any CPU
		{FC20CA6B-19B7-4DD5-AC62-0BCF7C1E81FA}.Debug|Any CPU.Build.0 = Debug|Any CPU
		{FC20CA6B-19B7-4DD5-AC62-0BCF7C1E81FA}.Release|Any CPU.ActiveCfg = Release|Any CPU
		{FC20CA6B-19B7-4DD5-AC62-0BCF7C1E81FA}.Release|Any CPU.Build.0 = Release|Any CPU
		{B5742F7E-72CF-4957-A217-EC750190CFAB}.Debug|Any CPU.ActiveCfg = Debug|Any CPU
		{B5742F7E-72CF-4957-A217-EC750190CFAB}.Debug|Any CPU.Build.0 = Debug|Any CPU
		{B5742F7E-72CF-4957-A217-EC750190CFAB}.Release|Any CPU.ActiveCfg = Release|Any CPU
		{B5742F7E-72CF-4957-A217-EC750190CFAB}.Release|Any CPU.Build.0 = Release|Any CPU
		{6B956447-E774-4633-A513-9A3E3904EDB0}.Debug|Any CPU.ActiveCfg = Debug|Any CPU
		{6B956447-E774-4633-A513-9A3E3904EDB0}.Debug|Any CPU.Build.0 = Debug|Any CPU
		{6B956447-E774-4633-A513-9A3E3904EDB0}.Release|Any CPU.ActiveCfg = Release|Any CPU
		{6B956447-E774-4633-A513-9A3E3904EDB0}.Release|Any CPU.Build.0 = Release|Any CPU
		{7A4E29BF-F184-448C-9F87-23B591A83AE0}.Debug|Any CPU.ActiveCfg = Debug|Any CPU
		{7A4E29BF-F184-448C-9F87-23B591A83AE0}.Debug|Any CPU.Build.0 = Debug|Any CPU
		{7A4E29BF-F184-448C-9F87-23B591A83AE0}.Release|Any CPU.ActiveCfg = Release|Any CPU
		{7A4E29BF-F184-448C-9F87-23B591A83AE0}.Release|Any CPU.Build.0 = Release|Any CPU
	EndGlobalSection
	GlobalSection(SolutionProperties) = preSolution
		HideSolutionNode = FALSE
	EndGlobalSection
EndGlobal
